
Microsoft Visual Studio Solution File, Format Version 12.00
# Visual Studio Version 16
VisualStudioVersion = 16.0.31402.337
MinimumVisualStudioVersion = 10.0.40219.1
Project("{8BC9CEB8-8B4A-11D0-8D11-00A0C91BC942}") = "Sandbox", "Sandbox\Sandbox.vcxproj", "{0A5FFEC7-CF69-4A1F-B40A-5157255B157D}"
EndProject
Project("{8BC9CEB8-8B4A-11D0-8D11-00A0C91BC942}") = "Hazel", "Hazel\Hazel.vcxproj", "{673908D7-1D86-431B-B3DA-C2BC433F4434}"
EndProject
Global
	GlobalSection(SolutionConfigurationPlatforms) = preSolution
		Debug|x64 = Debug|x64
		Release|x64 = Release|x64
	EndGlobalSection
	GlobalSection(ProjectConfigurationPlatforms) = postSolution
		{673908D7-1D86-431B-B3DA-C2BC433F4434}.Debug|x64.ActiveCfg = Debug|x64
		{673908D7-1D86-431B-B3DA-C2BC433F4434}.Debug|x64.Build.0 = Debug|x64
		{673908D7-1D86-431B-B3DA-C2BC433F4434}.Release|x64.ActiveCfg = Release|x64
		{673908D7-1D86-431B-B3DA-C2BC433F4434}.Release|x64.Build.0 = Release|x64
		{0A5FFEC7-CF69-4A1F-B40A-5157255B157D}.Debug|x64.ActiveCfg = Debug|x64
		{0A5FFEC7-CF69-4A1F-B40A-5157255B157D}.Debug|x64.Build.0 = Debug|x64
		{0A5FFEC7-CF69-4A1F-B40A-5157255B157D}.Release|x64.ActiveCfg = Release|x64
		{0A5FFEC7-CF69-4A1F-B40A-5157255B157D}.Release|x64.Build.0 = Release|x64
	EndGlobalSection
	GlobalSection(SolutionProperties) = preSolution
		HideSolutionNode = FALSE
	EndGlobalSection
	GlobalSection(ExtensibilityGlobals) = postSolution
		SolutionGuid = {9473AEB5-A231-47E4-A3B9-98DCC3E0A540}
	EndGlobalSection
EndGlobal
